
Microsoft Visual Studio Solution File, Format Version 11.00
# Visual C# Express 2010
Project("{FAE04EC0-301F-11D3-BF4B-00C04F79EFBC}") = "ProgramaAntivirus", "ProgramaAntivirus\ProgramaAntivirus.csproj", "{435970B6-A080-4CAD-88C4-42100B3E7C0B}"
EndProject
Global
	GlobalSection(SolutionConfigurationPlatforms) = preSolution
		Debug|Any CPU = Debug|Any CPU
		Release|Any CPU = Release|Any CPU
	EndGlobalSection
	GlobalSection(ProjectConfigurationPlatforms) = postSolution
		{435970B6-A080-4CAD-88C4-42100B3E7C0B}.Debug|Any CPU.ActiveCfg = Debug|Any CPU
		{435970B6-A080-4CAD-88C4-42100B3E7C0B}.Debug|Any CPU.Build.0 = Debug|Any CPU
		{435970B6-A080-4CAD-88C4-42100B3E7C0B}.Release|Any CPU.ActiveCfg = Release|Any CPU
		{435970B6-A080-4CAD-88C4-42100B3E7C0B}.Release|Any CPU.Build.0 = Release|Any CPU
	EndGlobalSection
	GlobalSection(SolutionProperties) = preSolution
		HideSolutionNode = FALSE
	EndGlobalSection
EndGlobal
